
Microsoft Visual Studio Solution File, Format Version 12.00
# Visual Studio Version 17
VisualStudioVersion = 17.4.33205.214
MinimumVisualStudioVersion = 10.0.40219.1
Project("{FAE04EC0-301F-11D3-BF4B-00C04F79EFBC}") = "Moment1Blazor", "Moment1Blazor\Moment1Blazor.csproj", "{AB06BB7E-4685-48AB-8784-5BAD5CAD5603}"
EndProject
Global
	GlobalSection(SolutionConfigurationPlatforms) = preSolution
		Debug|Any CPU = Debug|Any CPU
		Release|Any CPU = Release|Any CPU
	EndGlobalSection
	GlobalSection(ProjectConfigurationPlatforms) = postSolution
		{AB06BB7E-4685-48AB-8784-5BAD5CAD5603}.Debug|Any CPU.ActiveCfg = Debug|Any CPU
		{AB06BB7E-4685-48AB-8784-5BAD5CAD5603}.Debug|Any CPU.Build.0 = Debug|Any CPU
		{AB06BB7E-4685-48AB-8784-5BAD5CAD5603}.Release|Any CPU.ActiveCfg = Release|Any CPU
		{AB06BB7E-4685-48AB-8784-5BAD5CAD5603}.Release|Any CPU.Build.0 = Release|Any CPU
	EndGlobalSection
	GlobalSection(SolutionProperties) = preSolution
		HideSolutionNode = FALSE
	EndGlobalSection
	GlobalSection(ExtensibilityGlobals) = postSolution
		SolutionGuid = {BDB2CA39-253D-4751-A5EC-B38936225FCC}
	EndGlobalSection
EndGlobal
